{
  "name": "openvpn-log-2-csv",
  "version": "1.0.0",
  "lockfileVersion": 1,
  "requires": true,
  "dependencies": {
    "ovpn-log-parser": {
      "version": "0.1.1",
      "resolved": "https://registry.npmjs.org/ovpn-log-parser/-/ovpn-log-parser-0.1.1.tgz",
      "integrity": "sha1-83NLD/wyfYpxzHLEgXFnoRMf7ww="
    }
  }
}
